
Microsoft Visual Studio Solution File, Format Version 12.00
# Visual Studio Version 17
VisualStudioVersion = 17.5.002.0
MinimumVisualStudioVersion = 10.0.40219.1
Project("{9A19103F-16F7-4668-BE54-9A1E7A4F7556}") = "ProjetoExemplo", "ProjetoExemplo.csproj", "{05636736-3B12-4756-B1DA-24991C4436A3}"
EndProject
Global
	GlobalSection(SolutionConfigurationPlatforms) = preSolution
		Debug|Any CPU = Debug|Any CPU
		Release|Any CPU = Release|Any CPU
	EndGlobalSection
	GlobalSection(ProjectConfigurationPlatforms) = postSolution
		{05636736-3B12-4756-B1DA-24991C4436A3}.Debug|Any CPU.ActiveCfg = Debug|Any CPU
		{05636736-3B12-4756-B1DA-24991C4436A3}.Debug|Any CPU.Build.0 = Debug|Any CPU
		{05636736-3B12-4756-B1DA-24991C4436A3}.Release|Any CPU.ActiveCfg = Release|Any CPU
		{05636736-3B12-4756-B1DA-24991C4436A3}.Release|Any CPU.Build.0 = Release|Any CPU
	EndGlobalSection
	GlobalSection(SolutionProperties) = preSolution
		HideSolutionNode = FALSE
	EndGlobalSection
	GlobalSection(ExtensibilityGlobals) = postSolution
		SolutionGuid = {212C1D8E-7E69-4EE3-B2E9-7DAC0F7CBE3F}
	EndGlobalSection
EndGlobal
